// !$*UTF8*$!
{
	archiveVersion = 1;
	classes = {
	};
	objectVersion = 46;
	objects = {

/* Begin PBXBuildFile section */
		907DF0101D19A8F90006B1AC /* main.m in Sources */ = {isa = PBXBuildFile; fileRef = 907DF00F1D19A8F90006B1AC /* main.m */; };
		907DF0131D19A8F90006B1AC /* AppDelegate.m in Sources */ = {isa = PBXBuildFile; fileRef = 907DF0121D19A8F90006B1AC /* AppDelegate.m */; };
		907DF0161D19A8F90006B1AC /* ViewController.m in Sources */ = {isa = PBXBuildFile; fileRef = 907DF0151D19A8F90006B1AC /* ViewController.m */; };
		907DF0191D19A8F90006B1AC /* Main.storyboard in Resources */ = {isa = PBXBuildFile; fileRef = 907DF0171D19A8F90006B1AC /* Main.storyboard */; };
		907DF01B1D19A8F90006B1AC /* Assets.xcassets in Resources */ = {isa = PBXBuildFile; fileRef = 907DF01A1D19A8F90006B1AC /* Assets.xcassets */; };
		907DF01E1D19A8F90006B1AC /* LaunchScreen.storyboard in Resources */ = {isa = PBXBuildFile; fileRef = 907DF01C1D19A8F90006B1AC /* LaunchScreen.storyboard */; };
		907DF0271D19ADCD0006B1AC /* MapViewController.m in Sources */ = {isa = PBXBuildFile; fileRef = 907DF0261D19ADCD0006B1AC /* MapViewController.m */; };
/* End PBXBuildFile section */

/* Begin PBXFileReference section */
		907DF00B1D19A8F90006B1AC /* DelegatePra.app */ = {isa = PBXFileReference; explicitFileType = wrapper.application; includeInIndex = 0; path = DelegatePra.app; sourceTree = BUILT_PRODUCTS_DIR; };
		907DF00F1D19A8F90006B1AC /* main.m */ = {isa = PBXFileReference; lastKnownFileType = sourcecode.c.objc; path = main.m; sourceTree = "<group>"; };
		907DF0111D19A8F90006B1AC /* AppDelegate.h */ = {isa = PBXFileReference; lastKnownFileType = sourcecode.c.h; path = AppDelegate.h; sourceTree = "<group>"; };
		907DF0121D19A8F90006B1AC /* AppDelegate.m */ = {isa = PBXFileReference; lastKnownFileType = sourcecode.c.objc; path = AppDelegate.m; sourceTree = "<group>"; };
		907DF0141D19A8F90006B1AC /* ViewController.h */ = {isa = PBXFileReference; lastKnownFileType = sourcecode.c.h; path = ViewController.h; sourceTree = "<group>"; };
		907DF0151D19A8F90006B1AC /* ViewController.m */ = {isa = PBXFileReference; lastKnownFileType = sourcecode.c.objc; path = ViewController.m; sourceTree = "<group>"; };
		907DF0181D19A8F90006B1AC /* Base */ = {isa = PBXFileReference; lastKnownFileType = file.storyboard; name = Base; path = Base.lproj/Main.storyboard; sourceTree = "<group>"; };
		907DF01A1D19A8F90006B1AC /* Assets.xcassets */ = {isa = PBXFileReference; lastKnownFileType = folder.assetcatalog; path = Assets.xcassets; sourceTree = "<group>"; };
		907DF01D1D19A8F90006B1AC /* Base */ = {isa = PBXFileReference; lastKnownFileType = file.storyboard; name = Base; path = Base.lproj/LaunchScreen.storyboard; sourceTree = "<group>"; };
		907DF01F1D19A8F90006B1AC /* Info.plist */ = {isa = PBXFileReference; lastKnownFileType = text.plist.xml; path = Info.plist; sourceTree = "<group>"; };
		907DF0251D19ADCD0006B1AC /* MapViewController.h */ = {isa = PBXFileReference; fileEncoding = 4; lastKnownFileType = sourcecode.c.h; path = MapViewController.h; sourceTree = "<group>"; };
		907DF0261D19ADCD0006B1AC /* MapViewController.m */ = {isa = PBXFileReference; fileEncoding = 4; lastKnownFileType = sourcecode.c.objc; path = MapViewController.m; sourceTree = "<group>"; };
		907DF0281D19B07C0006B1AC /* MainToMapProtocol.h */ = {isa = PBXFileReference; fileEncoding = 4; lastKnownFileType = sourcecode.c.h; path = MainToMapProtocol.h; sourceTree = "<group>"; };
/* End PBXFileReference section */

/* Begin PBXFrameworksBuildPhase section */
		907DF0081D19A8F90006B1AC /* Frameworks */ = {
			isa = PBXFrameworksBuildPhase;
			buildActionMask = 2147483647;
			files = (
			);
			runOnlyForDeploymentPostprocessing = 0;
		};
/* End PBXFrameworksBuildPhase section */

/* Begin PBXGroup section */
		907DF0021D19A8F90006B1AC = {
			isa = PBXGroup;
			children = (
				907DF00D1D19A8F90006B1AC /* DelegatePra */,
				907DF00C1D19A8F90006B1AC /* Products */,
			);
			sourceTree = "<group>";
		};
		907DF00C1D19A8F90006B1AC /* Products */ = {
			isa = PBXGroup;
			children = (
				907DF00B1D19A8F90006B1AC /* DelegatePra.app */,
			);
			name = Products;
			sourceTree = "<group>";
		};
		907DF00D1D19A8F90006B1AC /* DelegatePra */ = {
			isa = PBXGroup;
			children = (
				907DF0111D19A8F90006B1AC /* AppDelegate.h */,
				907DF0121D19A8F90006B1AC /* AppDelegate.m */,
				907DF0281D19B07C0006B1AC /* MainToMapProtocol.h */,
				907DF0141D19A8F90006B1AC /* ViewController.h */,
				907DF0151D19A8F90006B1AC /* ViewController.m */,
				907DF0251D19ADCD0006B1AC /* MapViewController.h */,
				907DF0261D19ADCD0006B1AC /* MapViewController.m */,
				907DF0171D19A8F90006B1AC /* Main.storyboard */,
				907DF01A1D19A8F90006B1AC /* Assets.xcassets */,
				907DF01C1D19A8F90006B1AC /* LaunchScreen.storyboard */,
				907DF01F1D19A8F90006B1AC /* Info.plist */,
				907DF00E1D19A8F90006B1AC /* Supporting Files */,
			);
			path = DelegatePra;
			sourceTree = "<group>";
		};
		907DF00E1D19A8F90006B1AC /* Supporting Files */ = {
			isa = PBXGroup;
			children = (
				907DF00F1D19A8F90006B1AC /* main.m */,
			);
			name = "Supporting Files";
			sourceTree = "<group>";
		};
/* End PBXGroup section */

/* Begin PBXNativeTarget section */
		907DF00A1D19A8F90006B1AC /* DelegatePra */ = {
			isa = PBXNativeTarget;
			buildConfigurationList = 907DF0221D19A8F90006B1AC /* Build configuration list for PBXNativeTarget "DelegatePra" */;
			buildPhases = (
				907DF0071D19A8F90006B1AC /* Sources */,
				907DF0081D19A8F90006B1AC /* Frameworks */,
				907DF0091D19A8F90006B1AC /* Resources */,
			);
			buildRules = (
			);
			dependencies = (
			);
			name = DelegatePra;
			productName = DelegatePra;
			productReference = 907DF00B1D19A8F90006B1AC /* DelegatePra.app */;
			productType = "com.apple.product-type.application";
		};
/* End PBXNativeTarget section */

/* Begin PBXProject section */
		907DF0031D19A8F90006B1AC /* Project object */ = {
			isa = PBXProject;
			attributes = {
				LastUpgradeCheck = 0730;
				ORGANIZATIONNAME = "Detroit Labs";
				TargetAttributes = {
					907DF00A1D19A8F90006B1AC = {
						CreatedOnToolsVersion = 7.3.1;
					};
				};
			};
			buildConfigurationList = 907DF0061D19A8F90006B1AC /* Build configuration list for PBXProject "DelegatePra" */;
			compatibilityVersion = "Xcode 3.2";
			developmentRegion = English;
			hasScannedForEncodings = 0;
			knownRegions = (
				en,
				Base,
			);
			mainGroup = 907DF0021D19A8F90006B1AC;
			productRefGroup = 907DF00C1D19A8F90006B1AC /* Products */;
			projectDirPath = "";
			projectRoot = "";
			targets = (
				907DF00A1D19A8F90006B1AC /* DelegatePra */,
			);
		};
/* End PBXProject section */

/* Begin PBXResourcesBuildPhase section */
		907DF0091D19A8F90006B1AC /* Resources */ = {
			isa = PBXResourcesBuildPhase;
			buildActionMask = 2147483647;
			files = (
				907DF01E1D19A8F90006B1AC /* LaunchScreen.storyboard in Resources */,
				907DF01B1D19A8F90006B1AC /* Assets.xcassets in Resources */,
				907DF0191D19A8F90006B1AC /* Main.storyboard in Resources */,
			);
			runOnlyForDeploymentPostprocessing = 0;
		};
/* End PBXResourcesBuildPhase section */

/* Begin PBXSourcesBuildPhase section */
		907DF0071D19A8F90006B1AC /* Sources */ = {
			isa = PBXSourcesBuildPhase;
			buildActionMask = 2147483647;
			files = (
				907DF0271D19ADCD0006B1AC /* MapViewController.m in Sources */,
				907DF0161D19A8F90006B1AC /* ViewController.m in Sources */,
				907DF0131D19A8F90006B1AC /* AppDelegate.m in Sources */,
				907DF0101D19A8F90006B1AC /* main.m in Sources */,
			);
			runOnlyForDeploymentPostprocessing = 0;
		};
/* End PBXSourcesBuildPhase section */

/* Begin PBXVariantGroup section */
		907DF0171D19A8F90006B1AC /* Main.storyboard */ = {
			isa = PBXVariantGroup;
			children = (
				907DF0181D19A8F90006B1AC /* Base */,
			);
			name = Main.storyboard;
			sourceTree = "<group>";
		};
		907DF01C1D19A8F90006B1AC /* LaunchScreen.storyboard */ = {
			isa = PBXVariantGroup;
			children = (
				907DF01D1D19A8F90006B1AC /* Base */,
			);
			name = LaunchScreen.storyboard;
			sourceTree = "<group>";
		};
/* End PBXVariantGroup section */

/* Begin XCBuildConfiguration section */
		907DF0201D19A8F90006B1AC /* Debug */ = {
			isa = XCBuildConfiguration;
			buildSettings = {
				ALWAYS_SEARCH_USER_PATHS = NO;
				CLANG_ANALYZER_NONNULL = YES;
				CLANG_CXX_LANGUAGE_STANDARD = "gnu++0x";
				CLANG_CXX_LIBRARY = "libc++";
				CLANG_ENABLE_MODULES = YES;
				CLANG_ENABLE_OBJC_ARC = YES;
				CLANG_WARN_BOOL_CONVERSION = YES;
				CLANG_WARN_CONSTANT_CONVERSION = YES;
				CLANG_WARN_DIRECT_OBJC_ISA_USAGE = YES_ERROR;
				CLANG_WARN_EMPTY_BODY = YES;
				CLANG_WARN_ENUM_CONVERSION = YES;
				CLANG_WARN_INT_CONVERSION = YES;
				CLANG_WARN_OBJC_ROOT_CLASS = YES_ERROR;
				CLANG_WARN_UNREACHABLE_CODE = YES;
				CLANG_WARN__DUPLICATE_METHOD_MATCH = YES;
				"CODE_SIGN_IDENTITY[sdk=iphoneos*]" = "iPhone Developer";
				COPY_PHASE_STRIP = NO;
				DEBUG_INFORMATION_FORMAT = dwarf;
				ENABLE_STRICT_OBJC_MSGSEND = YES;
				ENABLE_TESTABILITY = YES;
				GCC_C_LANGUAGE_STANDARD = gnu99;
				GCC_DYNAMIC_NO_PIC = NO;
				GCC_NO_COMMON_BLOCKS = YES;
				GCC_OPTIMIZATION_LEVEL = 0;
				GCC_PREPROCESSOR_DEFINITIONS = (
					"DEBUG=1",
					"$(inherited)",
				);
				GCC_WARN_64_TO_32_BIT_CONVERSION = YES;
				GCC_WARN_ABOUT_RETURN_TYPE = YES_ERROR;
				GCC_WARN_UNDECLARED_SELECTOR = YES;
				GCC_WARN_UNINITIALIZED_AUTOS = YES_AGGRESSIVE;
				GCC_WARN_UNUSED_FUNCTION = YES;
				GCC_WARN_UNUSED_VARIABLE = YES;
				IPHONEOS_DEPLOYMENT_TARGET = 9.3;
				MTL_ENABLE_DEBUG_INFO = YES;
				ONLY_ACTIVE_ARCH = YES;
				SDKROOT = iphoneos;
			};
			name = Debug;
		};
		907DF0211D19A8F90006B1AC /* Release */ = {
			isa = XCBuildConfiguration;
			buildSettings = {
				ALWAYS_SEARCH_USER_PATHS = NO;
				CLANG_ANALYZER_NONNULL = YES;
				CLANG_CXX_LANGUAGE_STANDARD = "gnu++0x";
				CLANG_CXX_LIBRARY = "libc++";
				CLANG_ENABLE_MODULES = YES;
				CLANG_ENABLE_OBJC_ARC = YES;
				CLANG_WARN_BOOL_CONVERSION = YES;
				CLANG_WARN_CONSTANT_CONVERSION = YES;
				CLANG_WARN_DIRECT_OBJC_ISA_USAGE = YES_ERROR;
				CLANG_WARN_EMPTY_BODY = YES;
				CLANG_WARN_ENUM_CONVERSION = YES;
				CLANG_WARN_INT_CONVERSION = YES;
				CLANG_WARN_OBJC_ROOT_CLASS = YES_ERROR;
				CLANG_WARN_UNREACHABLE_CODE = YES;
				CLANG_WARN__DUPLICATE_METHOD_MATCH = YES;
				"CODE_SIGN_IDENTITY[sdk=iphoneos*]" = "iPhone Developer";
				COPY_PHASE_STRIP = NO;
				DEBUG_INFORMATION_FORMAT = "dwarf-with-dsym";
				ENABLE_NS_ASSERTIONS = NO;
				ENABLE_STRICT_OBJC_MSGSEND = YES;
				GCC_C_LANGUAGE_STANDARD = gnu99;
				GCC_NO_COMMON_BLOCKS = YES;
				GCC_WARN_64_TO_32_BIT_CONVERSION = YES;
				GCC_WARN_ABOUT_RETURN_TYPE = YES_ERROR;
				GCC_WARN_UNDECLARED_SELECTOR = YES;
				GCC_WARN_UNINITIALIZED_AUTOS = YES_AGGRESSIVE;
				GCC_WARN_UNUSED_FUNCTION = YES;
				GCC_WARN_UNUSED_VARIABLE = YES;
				IPHONEOS_DEPLOYMENT_TARGET = 9.3;
				MTL_ENABLE_DEBUG_INFO = NO;
				SDKROOT = iphoneos;
				VALIDATE_PRODUCT = YES;
			};
			name = Release;
		};
		907DF0231D19A8F90006B1AC /* Debug */ = {
			isa = XCBuildConfiguration;
			buildSettings = {
				ASSETCATALOG_COMPILER_APPICON_NAME = AppIcon;
				INFOPLIST_FILE = DelegatePra/Info.plist;
				LD_RUNPATH_SEARCH_PATHS = "$(inherited) @executable_path/Frameworks";
				PRODUCT_BUNDLE_IDENTIFIER = com.detroitlabs.DelegatePra;
				PRODUCT_NAME = "$(TARGET_NAME)";
			};
			name = Debug;
		};
		907DF0241D19A8F90006B1AC /* Release */ = {
			isa = XCBuildConfiguration;
			buildSettings = {
				ASSETCATALOG_COMPILER_APPICON_NAME = AppIcon;
				INFOPLIST_FILE = DelegatePra/Info.plist;
				LD_RUNPATH_SEARCH_PATHS = "$(inherited) @executable_path/Frameworks";
				PRODUCT_BUNDLE_IDENTIFIER = com.detroitlabs.DelegatePra;
				PRODUCT_NAME = "$(TARGET_NAME)";
			};
			name = Release;
		};
/* End XCBuildConfiguration section */

/* Begin XCConfigurationList section */
		907DF0061D19A8F90006B1AC /* Build configuration list for PBXProject "DelegatePra" */ = {
			isa = XCConfigurationList;
			buildConfigurations = (
				907DF0201D19A8F90006B1AC /* Debug */,
				907DF0211D19A8F90006B1AC /* Release */,
			);
			defaultConfigurationIsVisible = 0;
			defaultConfigurationName = Release;
		};
		907DF0221D19A8F90006B1AC /* Build configuration list for PBXNativeTarget "DelegatePra" */ = {
			isa = XCConfigurationList;
			buildConfigurations = (
				907DF0231D19A8F90006B1AC /* Debug */,
				907DF0241D19A8F90006B1AC /* Release */,
			);
			defaultConfigurationIsVisible = 0;
		};
/* End XCConfigurationList section */
	};
	rootObject = 907DF0031D19A8F90006B1AC /* Project object */;
}
